
Microsoft Visual Studio Solution File, Format Version 12.00
# Visual Studio 15
VisualStudioVersion = 15.0.27703.2018
MinimumVisualStudioVersion = 10.0.40219.1
Project("{FAE04EC0-301F-11D3-BF4B-00C04F79EFBC}") = "ConsoleApp1", "ConsoleApp1\ConsoleApp1.csproj", "{DF276474-9C46-4306-BEF1-0A73D1E14215}"
EndProject
Global
	GlobalSection(SolutionConfigurationPlatforms) = preSolution
		Debug|Any CPU = Debug|Any CPU
		Release|Any CPU = Release|Any CPU
	EndGlobalSection
	GlobalSection(ProjectConfigurationPlatforms) = postSolution
		{DF276474-9C46-4306-BEF1-0A73D1E14215}.Debug|Any CPU.ActiveCfg = Debug|Any CPU
		{DF276474-9C46-4306-BEF1-0A73D1E14215}.Debug|Any CPU.Build.0 = Debug|Any CPU
		{DF276474-9C46-4306-BEF1-0A73D1E14215}.Release|Any CPU.ActiveCfg = Release|Any CPU
		{DF276474-9C46-4306-BEF1-0A73D1E14215}.Release|Any CPU.Build.0 = Release|Any CPU
	EndGlobalSection
	GlobalSection(SolutionProperties) = preSolution
		HideSolutionNode = FALSE
	EndGlobalSection
	GlobalSection(ExtensibilityGlobals) = postSolution
		SolutionGuid = {0E407B80-6FD4-457E-9BDD-11F20A4651CA}
	EndGlobalSection
EndGlobal
